// !$*UTF8*$!
{
	archiveVersion = 1;
	classes = {
	};
	objectVersion = 48;
	objects = {

/* Begin PBXBuildFile section */
		E155989B1FB48F9400C12A17 /* AppDelegate.swift in Sources */ = {isa = PBXBuildFile; fileRef = E155989A1FB48F9400C12A17 /* AppDelegate.swift */; };
		E155989D1FB48F9400C12A17 /* art.scnassets in Resources */ = {isa = PBXBuildFile; fileRef = E155989C1FB48F9400C12A17 /* art.scnassets */; };
		E155989F1FB48F9400C12A17 /* ViewController.swift in Sources */ = {isa = PBXBuildFile; fileRef = E155989E1FB48F9400C12A17 /* ViewController.swift */; };
		E15598A21FB48F9400C12A17 /* Main.storyboard in Resources */ = {isa = PBXBuildFile; fileRef = E15598A01FB48F9400C12A17 /* Main.storyboard */; };
		E15598A41FB48F9400C12A17 /* Assets.xcassets in Resources */ = {isa = PBXBuildFile; fileRef = E15598A31FB48F9400C12A17 /* Assets.xcassets */; };
		E15598A71FB48F9400C12A17 /* LaunchScreen.storyboard in Resources */ = {isa = PBXBuildFile; fileRef = E15598A51FB48F9400C12A17 /* LaunchScreen.storyboard */; };
/* End PBXBuildFile section */

/* Begin PBXFileReference section */
		E15598971FB48F9400C12A17 /* 3DARKit初体验.app */ = {isa = PBXFileReference; explicitFileType = wrapper.application; includeInIndex = 0; path = "3DARKit初体验.app"; sourceTree = BUILT_PRODUCTS_DIR; };
		E155989A1FB48F9400C12A17 /* AppDelegate.swift */ = {isa = PBXFileReference; lastKnownFileType = sourcecode.swift; path = AppDelegate.swift; sourceTree = "<group>"; };
		E155989C1FB48F9400C12A17 /* art.scnassets */ = {isa = PBXFileReference; lastKnownFileType = wrapper.scnassets; path = art.scnassets; sourceTree = "<group>"; };
		E155989E1FB48F9400C12A17 /* ViewController.swift */ = {isa = PBXFileReference; lastKnownFileType = sourcecode.swift; path = ViewController.swift; sourceTree = "<group>"; };
		E15598A11FB48F9400C12A17 /* Base */ = {isa = PBXFileReference; lastKnownFileType = file.storyboard; name = Base; path = Base.lproj/Main.storyboard; sourceTree = "<group>"; };
		E15598A31FB48F9400C12A17 /* Assets.xcassets */ = {isa = PBXFileReference; lastKnownFileType = folder.assetcatalog; path = Assets.xcassets; sourceTree = "<group>"; };
		E15598A61FB48F9400C12A17 /* Base */ = {isa = PBXFileReference; lastKnownFileType = file.storyboard; name = Base; path = Base.lproj/LaunchScreen.storyboard; sourceTree = "<group>"; };
		E15598A81FB48F9400C12A17 /* Info.plist */ = {isa = PBXFileReference; lastKnownFileType = text.plist.xml; path = Info.plist; sourceTree = "<group>"; };
/* End PBXFileReference section */

/* Begin PBXFrameworksBuildPhase section */
		E15598941FB48F9400C12A17 /* Frameworks */ = {
			isa = PBXFrameworksBuildPhase;
			buildActionMask = 2147483647;
			files = (
			);
			runOnlyForDeploymentPostprocessing = 0;
		};
/* End PBXFrameworksBuildPhase section */

/* Begin PBXGroup section */
		E155988E1FB48F9400C12A17 = {
			isa = PBXGroup;
			children = (
				E15598991FB48F9400C12A17 /* 3DARKit初体验 */,
				E15598981FB48F9400C12A17 /* Products */,
			);
			sourceTree = "<group>";
		};
		E15598981FB48F9400C12A17 /* Products */ = {
			isa = PBXGroup;
			children = (
				E15598971FB48F9400C12A17 /* 3DARKit初体验.app */,
			);
			name = Products;
			sourceTree = "<group>";
		};
		E15598991FB48F9400C12A17 /* 3DARKit初体验 */ = {
			isa = PBXGroup;
			children = (
				E155989A1FB48F9400C12A17 /* AppDelegate.swift */,
				E155989C1FB48F9400C12A17 /* art.scnassets */,
				E155989E1FB48F9400C12A17 /* ViewController.swift */,
				E15598A01FB48F9400C12A17 /* Main.storyboard */,
				E15598A31FB48F9400C12A17 /* Assets.xcassets */,
				E15598A51FB48F9400C12A17 /* LaunchScreen.storyboard */,
				E15598A81FB48F9400C12A17 /* Info.plist */,
			);
			path = "3DARKit初体验";
			sourceTree = "<group>";
		};
/* End PBXGroup section */

/* Begin PBXNativeTarget section */
		E15598961FB48F9400C12A17 /* 3DARKit初体验 */ = {
			isa = PBXNativeTarget;
			buildConfigurationList = E15598AB1FB48F9400C12A17 /* Build configuration list for PBXNativeTarget "3DARKit初体验" */;
			buildPhases = (
				E15598931FB48F9400C12A17 /* Sources */,
				E15598941FB48F9400C12A17 /* Frameworks */,
				E15598951FB48F9400C12A17 /* Resources */,
			);
			buildRules = (
			);
			dependencies = (
			);
			name = "3DARKit初体验";
			productName = "3DARKit初体验";
			productReference = E15598971FB48F9400C12A17 /* 3DARKit初体验.app */;
			productType = "com.apple.product-type.application";
		};
/* End PBXNativeTarget section */

/* Begin PBXProject section */
		E155988F1FB48F9400C12A17 /* Project object */ = {
			isa = PBXProject;
			attributes = {
				LastSwiftUpdateCheck = 0910;
				LastUpgradeCheck = 0910;
				ORGANIZATIONNAME = "徐炜楠";
				TargetAttributes = {
					E15598961FB48F9400C12A17 = {
						CreatedOnToolsVersion = 9.1;
						ProvisioningStyle = Automatic;
					};
				};
			};
			buildConfigurationList = E15598921FB48F9400C12A17 /* Build configuration list for PBXProject "3DARKit初体验" */;
			compatibilityVersion = "Xcode 8.0";
			developmentRegion = en;
			hasScannedForEncodings = 0;
			knownRegions = (
				en,
				Base,
			);
			mainGroup = E155988E1FB48F9400C12A17;
			productRefGroup = E15598981FB48F9400C12A17 /* Products */;
			projectDirPath = "";
			projectRoot = "";
			targets = (
				E15598961FB48F9400C12A17 /* 3DARKit初体验 */,
			);
		};
/* End PBXProject section */

/* Begin PBXResourcesBuildPhase section */
		E15598951FB48F9400C12A17 /* Resources */ = {
			isa = PBXResourcesBuildPhase;
			buildActionMask = 2147483647;
			files = (
				E155989D1FB48F9400C12A17 /* art.scnassets in Resources */,
				E15598A71FB48F9400C12A17 /* LaunchScreen.storyboard in Resources */,
				E15598A41FB48F9400C12A17 /* Assets.xcassets in Resources */,
				E15598A21FB48F9400C12A17 /* Main.storyboard in Resources */,
			);
			runOnlyForDeploymentPostprocessing = 0;
		};
/* End PBXResourcesBuildPhase section */

/* Begin PBXSourcesBuildPhase section */
		E15598931FB48F9400C12A17 /* Sources */ = {
			isa = PBXSourcesBuildPhase;
			buildActionMask = 2147483647;
			files = (
				E155989F1FB48F9400C12A17 /* ViewController.swift in Sources */,
				E155989B1FB48F9400C12A17 /* AppDelegate.swift in Sources */,
			);
			runOnlyForDeploymentPostprocessing = 0;
		};
/* End PBXSourcesBuildPhase section */

/* Begin PBXVariantGroup section */
		E15598A01FB48F9400C12A17 /* Main.storyboard */ = {
			isa = PBXVariantGroup;
			children = (
				E15598A11FB48F9400C12A17 /* Base */,
			);
			name = Main.storyboard;
			sourceTree = "<group>";
		};
		E15598A51FB48F9400C12A17 /* LaunchScreen.storyboard */ = {
			isa = PBXVariantGroup;
			children = (
				E15598A61FB48F9400C12A17 /* Base */,
			);
			name = LaunchScreen.storyboard;
			sourceTree = "<group>";
		};
/* End PBXVariantGroup section */

/* Begin XCBuildConfiguration section */
		E15598A91FB48F9400C12A17 /* Debug */ = {
			isa = XCBuildConfiguration;
			buildSettings = {
				ALWAYS_SEARCH_USER_PATHS = NO;
				CLANG_ANALYZER_NONNULL = YES;
				CLANG_ANALYZER_NUMBER_OBJECT_CONVERSION = YES_AGGRESSIVE;
				CLANG_CXX_LANGUAGE_STANDARD = "gnu++14";
				CLANG_CXX_LIBRARY = "libc++";
				CLANG_ENABLE_MODULES = YES;
				CLANG_ENABLE_OBJC_ARC = YES;
				CLANG_WARN_BLOCK_CAPTURE_AUTORELEASING = YES;
				CLANG_WARN_BOOL_CONVERSION = YES;
				CLANG_WARN_COMMA = YES;
				CLANG_WARN_CONSTANT_CONVERSION = YES;
				CLANG_WARN_DIRECT_OBJC_ISA_USAGE = YES_ERROR;
				CLANG_WARN_DOCUMENTATION_COMMENTS = YES;
				CLANG_WARN_EMPTY_BODY = YES;
				CLANG_WARN_ENUM_CONVERSION = YES;
				CLANG_WARN_INFINITE_RECURSION = YES;
				CLANG_WARN_INT_CONVERSION = YES;
				CLANG_WARN_NON_LITERAL_NULL_CONVERSION = YES;
				CLANG_WARN_OBJC_LITERAL_CONVERSION = YES;
				CLANG_WARN_OBJC_ROOT_CLASS = YES_ERROR;
				CLANG_WARN_RANGE_LOOP_ANALYSIS = YES;
				CLANG_WARN_STRICT_PROTOTYPES = YES;
				CLANG_WARN_SUSPICIOUS_MOVE = YES;
				CLANG_WARN_UNGUARDED_AVAILABILITY = YES_AGGRESSIVE;
				CLANG_WARN_UNREACHABLE_CODE = YES;
				CLANG_WARN__DUPLICATE_METHOD_MATCH = YES;
				CODE_SIGN_IDENTITY = "iPhone Developer";
				COPY_PHASE_STRIP = NO;
				DEBUG_INFORMATION_FORMAT = dwarf;
				ENABLE_STRICT_OBJC_MSGSEND = YES;
				ENABLE_TESTABILITY = YES;
				GCC_C_LANGUAGE_STANDARD = gnu11;
				GCC_DYNAMIC_NO_PIC = NO;
				GCC_NO_COMMON_BLOCKS = YES;
				GCC_OPTIMIZATION_LEVEL = 0;
				GCC_PREPROCESSOR_DEFINITIONS = (
					"DEBUG=1",
					"$(inherited)",
				);
				GCC_WARN_64_TO_32_BIT_CONVERSION = YES;
				GCC_WARN_ABOUT_RETURN_TYPE = YES_ERROR;
				GCC_WARN_UNDECLARED_SELECTOR = YES;
				GCC_WARN_UNINITIALIZED_AUTOS = YES_AGGRESSIVE;
				GCC_WARN_UNUSED_FUNCTION = YES;
				GCC_WARN_UNUSED_VARIABLE = YES;
				IPHONEOS_DEPLOYMENT_TARGET = 11.1;
				MTL_ENABLE_DEBUG_INFO = YES;
				ONLY_ACTIVE_ARCH = YES;
				SDKROOT = iphoneos;
				SWIFT_ACTIVE_COMPILATION_CONDITIONS = DEBUG;
				SWIFT_OPTIMIZATION_LEVEL = "-Onone";
			};
			name = Debug;
		};
		E15598AA1FB48F9400C12A17 /* Release */ = {
			isa = XCBuildConfiguration;
			buildSettings = {
				ALWAYS_SEARCH_USER_PATHS = NO;
				CLANG_ANALYZER_NONNULL = YES;
				CLANG_ANALYZER_NUMBER_OBJECT_CONVERSION = YES_AGGRESSIVE;
				CLANG_CXX_LANGUAGE_STANDARD = "gnu++14";
				CLANG_CXX_LIBRARY = "libc++";
				CLANG_ENABLE_MODULES = YES;
				CLANG_ENABLE_OBJC_ARC = YES;
				CLANG_WARN_BLOCK_CAPTURE_AUTORELEASING = YES;
				CLANG_WARN_BOOL_CONVERSION = YES;
				CLANG_WARN_COMMA = YES;
				CLANG_WARN_CONSTANT_CONVERSION = YES;
				CLANG_WARN_DIRECT_OBJC_ISA_USAGE = YES_ERROR;
				CLANG_WARN_DOCUMENTATION_COMMENTS = YES;
				CLANG_WARN_EMPTY_BODY = YES;
				CLANG_WARN_ENUM_CONVERSION = YES;
				CLANG_WARN_INFINITE_RECURSION = YES;
				CLANG_WARN_INT_CONVERSION = YES;
				CLANG_WARN_NON_LITERAL_NULL_CONVERSION = YES;
				CLANG_WARN_OBJC_LITERAL_CONVERSION = YES;
				CLANG_WARN_OBJC_ROOT_CLASS = YES_ERROR;
				CLANG_WARN_RANGE_LOOP_ANALYSIS = YES;
				CLANG_WARN_STRICT_PROTOTYPES = YES;
				CLANG_WARN_SUSPICIOUS_MOVE = YES;
				CLANG_WARN_UNGUARDED_AVAILABILITY = YES_AGGRESSIVE;
				CLANG_WARN_UNREACHABLE_CODE = YES;
				CLANG_WARN__DUPLICATE_METHOD_MATCH = YES;
				CODE_SIGN_IDENTITY = "iPhone Developer";
				COPY_PHASE_STRIP = NO;
				DEBUG_INFORMATION_FORMAT = "dwarf-with-dsym";
				ENABLE_NS_ASSERTIONS = NO;
				ENABLE_STRICT_OBJC_MSGSEND = YES;
				GCC_C_LANGUAGE_STANDARD = gnu11;
				GCC_NO_COMMON_BLOCKS = YES;
				GCC_WARN_64_TO_32_BIT_CONVERSION = YES;
				GCC_WARN_ABOUT_RETURN_TYPE = YES_ERROR;
				GCC_WARN_UNDECLARED_SELECTOR = YES;
				GCC_WARN_UNINITIALIZED_AUTOS = YES_AGGRESSIVE;
				GCC_WARN_UNUSED_FUNCTION = YES;
				GCC_WARN_UNUSED_VARIABLE = YES;
				IPHONEOS_DEPLOYMENT_TARGET = 11.1;
				MTL_ENABLE_DEBUG_INFO = NO;
				SDKROOT = iphoneos;
				SWIFT_OPTIMIZATION_LEVEL = "-Owholemodule";
				VALIDATE_PRODUCT = YES;
			};
			name = Release;
		};
		E15598AC1FB48F9400C12A17 /* Debug */ = {
			isa = XCBuildConfiguration;
			buildSettings = {
				ASSETCATALOG_COMPILER_APPICON_NAME = AppIcon;
				CODE_SIGN_STYLE = Automatic;
				DEVELOPMENT_TEAM = BPP589VP97;
				INFOPLIST_FILE = "3DARKit初体验/Info.plist";
				LD_RUNPATH_SEARCH_PATHS = "$(inherited) @executable_path/Frameworks";
				PRODUCT_BUNDLE_IDENTIFIER = "xuweinan.-DARKit---";
				PRODUCT_NAME = "$(TARGET_NAME)";
				SWIFT_VERSION = 4.0;
				TARGETED_DEVICE_FAMILY = "1,2";
			};
			name = Debug;
		};
		E15598AD1FB48F9400C12A17 /* Release */ = {
			isa = XCBuildConfiguration;
			buildSettings = {
				ASSETCATALOG_COMPILER_APPICON_NAME = AppIcon;
				CODE_SIGN_STYLE = Automatic;
				DEVELOPMENT_TEAM = BPP589VP97;
				INFOPLIST_FILE = "3DARKit初体验/Info.plist";
				LD_RUNPATH_SEARCH_PATHS = "$(inherited) @executable_path/Frameworks";
				PRODUCT_BUNDLE_IDENTIFIER = "xuweinan.-DARKit---";
				PRODUCT_NAME = "$(TARGET_NAME)";
				SWIFT_VERSION = 4.0;
				TARGETED_DEVICE_FAMILY = "1,2";
			};
			name = Release;
		};
/* End XCBuildConfiguration section */

/* Begin XCConfigurationList section */
		E15598921FB48F9400C12A17 /* Build configuration list for PBXProject "3DARKit初体验" */ = {
			isa = XCConfigurationList;
			buildConfigurations = (
				E15598A91FB48F9400C12A17 /* Debug */,
				E15598AA1FB48F9400C12A17 /* Release */,
			);
			defaultConfigurationIsVisible = 0;
			defaultConfigurationName = Release;
		};
		E15598AB1FB48F9400C12A17 /* Build configuration list for PBXNativeTarget "3DARKit初体验" */ = {
			isa = XCConfigurationList;
			buildConfigurations = (
				E15598AC1FB48F9400C12A17 /* Debug */,
				E15598AD1FB48F9400C12A17 /* Release */,
			);
			defaultConfigurationIsVisible = 0;
			defaultConfigurationName = Release;
		};
/* End XCConfigurationList section */
	};
	rootObject = E155988F1FB48F9400C12A17 /* Project object */;
}
